<?xml version="1.0" encoding="utf-8"?>
<Project ToolsVersion="4.0" xmlns="http://schemas.microsoft.com/developer/msbuild/2003">
  <ItemGroup>
    <Filter Include="Source Files">
      <UniqueIdentifier>{4FC737F1-C7A5-4376-A066-2A32D752A2FF}</UniqueIdentifier>
      <Extensions>cpp;c;cc;cxx;def;odl;idl;hpj;bat;asm;asmx</Extensions>
    </Filter>
    <Filter Include="Header Files">
      <UniqueIdentifier>{93995380-89BD-4b04-88EB-625FBE52EBFB}</UniqueIdentifier>
      <Extensions>h;hh;hpp;hxx;hm;inl;inc;xsd</Extensions>
    </Filter>
    <Filter Include="Resource Files">
      <UniqueIdentifier>{67DA6AB6-F800-4c08-8B7A-83BB121AAD01}</UniqueIdentifier>
      <Extensions>rc;ico;cur;bmp;dlg;rc2;rct;bin;rgs;gif;jpg;jpeg;jpe;resx;tiff;tif;png;wav</Extensions>
    </Filter>
    <Filter Include="Source Files\ai">
      <UniqueIdentifier>{f012da68-94d4-4b3b-a69a-e44973ec33b1}</UniqueIdentifier>
    </Filter>
    <Filter Include="Header Files\ai">
      <UniqueIdentifier>{111e4151-e8f1-43a1-b314-041b7204d0a4}</UniqueIdentifier>
    </Filter>
    <Filter Include="Header Files\ai\data">
      <UniqueIdentifier>{c0b44306-2ddc-4cc1-af1a-d0a5ac5e0149}</UniqueIdentifier>
    </Filter>
  </ItemGroup>
  <ItemGroup>
    <ClCompile Include="main.cpp">
      <Filter>Source Files</Filter>
    </ClCompile>
    <ClCompile Include="src\chain.cpp">
      <Filter>Source Files</Filter>
    </ClCompile>
    <ClCompile Include="src\field.cpp">
      <Filter>Source Files</Filter>
    </ClCompile>
    <ClCompile Include="src\kumipuyo.cpp">
      <Filter>Source Files</Filter>
    </ClCompile>
    <ClCompile Include="src\puttype.cpp">
      <Filter>Source Files</Filter>
    </ClCompile>
    <ClCompile Include="src\search_until_next.cpp">
      <Filter>Source Files</Filter>
    </ClCompile>
    <ClCompile Include="src\simulator.cpp">
      <Filter>Source Files</Filter>
    </ClCompile>
    <ClCompile Include="src\state.cpp">
      <Filter>Source Files</Filter>
    </ClCompile>
    <ClCompile Include="src\bpuyo.cpp">
      <Filter>Source Files</Filter>
    </ClCompile>
    <ClCompile Include="src\bpuyopad.cpp">
      <Filter>Source Files</Filter>
    </ClCompile>
    <ClCompile Include="src\padsearch.cpp">
      <Filter>Source Files</Filter>
    </ClCompile>
    <ClCompile Include="src\mawashistate.cpp">
      <Filter>Header Files</Filter>
    </ClCompile>
    <ClCompile Include="src\ojamasimulator.cpp">
      <Filter>Source Files</Filter>
    </ClCompile>
    <ClCompile Include="src\ai\nomi.cpp">
      <Filter>Source Files\ai</Filter>
    </ClCompile>
    <ClCompile Include="src\ai\sea.cpp">
      <Filter>Source Files\ai</Filter>
    </ClCompile>
    <ClCompile Include="src\ai\researcher.cpp">
      <Filter>Source Files\ai</Filter>
    </ClCompile>
    <ClCompile Include="src\ai\bitdatabase.cpp">
      <Filter>Header Files\ai</Filter>
    </ClCompile>
    <ClCompile Include="src\ai\nomithink.cpp">
      <Filter>Header Files\ai</Filter>
    </ClCompile>
  </ItemGroup>
  <ItemGroup>
    <ClInclude Include="puyo_ai.h">
      <Filter>Header Files</Filter>
    </ClInclude>
    <ClInclude Include="src\chain.h">
      <Filter>Header Files</Filter>
    </ClInclude>
    <ClInclude Include="src\debug.h">
      <Filter>Header Files</Filter>
    </ClInclude>
    <ClInclude Include="src\field.h">
      <Filter>Header Files</Filter>
    </ClInclude>
    <ClInclude Include="src\kumipuyo.h">
      <Filter>Header Files</Filter>
    </ClInclude>
    <ClInclude Include="src\puttype.h">
      <Filter>Header Files</Filter>
    </ClInclude>
    <ClInclude Include="src\rotatetype.h">
      <Filter>Header Files</Filter>
    </ClInclude>
    <ClInclude Include="src\search.h">
      <Filter>Header Files</Filter>
    </ClInclude>
    <ClInclude Include="src\searchresult.h">
      <Filter>Header Files</Filter>
    </ClInclude>
    <ClInclude Include="src\searchresultqueue.h">
      <Filter>Header Files</Filter>
    </ClInclude>
    <ClInclude Include="src\search_until_next.h">
      <Filter>Header Files</Filter>
    </ClInclude>
    <ClInclude Include="src\simulator.h">
      <Filter>Header Files</Filter>
    </ClInclude>
    <ClInclude Include="src\state.h">
      <Filter>Header Files</Filter>
    </ClInclude>
    <ClInclude Include="src\types.h">
      <Filter>Header Files</Filter>
    </ClInclude>
    <ClInclude Include="src\bpuyo.h">
      <Filter>Header Files</Filter>
    </ClInclude>
    <ClInclude Include="src\bpuyopad.h">
      <Filter>Header Files</Filter>
    </ClInclude>
    <ClInclude Include="src\command.h">
      <Filter>Header Files</Filter>
    </ClInclude>
    <ClInclude Include="src\padsearch.h">
      <Filter>Header Files</Filter>
    </ClInclude>
    <ClInclude Include="src\pad.h">
      <Filter>Header Files</Filter>
    </ClInclude>
    <ClInclude Include="src\utility.h">
      <Filter>Header Files</Filter>
    </ClInclude>
    <ClInclude Include="src\mawashistate.h">
      <Filter>Header Files</Filter>
    </ClInclude>
    <ClInclude Include="src\ojamasimulator.h">
      <Filter>Header Files</Filter>
    </ClInclude>
    <ClInclude Include="src\ai\ai.h">
      <Filter>Header Files\ai</Filter>
    </ClInclude>
    <ClInclude Include="src\ai\nomi.h">
      <Filter>Header Files\ai</Filter>
    </ClInclude>
    <ClInclude Include="src\ai\sea.h">
      <Filter>Header Files\ai</Filter>
    </ClInclude>
    <ClInclude Include="src\ai\researcher.h">
      <Filter>Header Files\ai</Filter>
    </ClInclude>
    <ClInclude Include="src\ai\bitdatabase.h">
      <Filter>Header Files\ai</Filter>
    </ClInclude>
    <ClInclude Include="src\ai\data\puyocount_bit_raw.h">
      <Filter>Header Files\ai\data</Filter>
    </ClInclude>
    <ClInclude Include="src\ai\bitdata.h">
      <Filter>Header Files\ai</Filter>
    </ClInclude>
    <ClInclude Include="src\ojama.h">
      <Filter>Header Files</Filter>
    </ClInclude>
    <ClInclude Include="src\ojamatable.h">
      <Filter>Header Files</Filter>
    </ClInclude>
    <ClInclude Include="src\mode.h">
      <Filter>Header Files</Filter>
    </ClInclude>
    <ClInclude Include="src\ai\nomithink.h">
      <Filter>Header Files\ai</Filter>
    </ClInclude>
  </ItemGroup>
</Project>